
Microsoft Visual Studio Solution File, Format Version 12.00
# Visual Studio 2013
VisualStudioVersion = 12.0.21005.1
MinimumVisualStudioVersion = 10.0.40219.1
Project("{8BC9CEB8-8B4A-11D0-8D11-00A0C91BC942}") = "engine", "OpenGLGraphics.vcxproj", "{916E712E-973B-4DE8-8D54-63C060BB9296}"
	ProjectSection(ProjectDependencies) = postProject
		{98D6B51B-CB0A-4389-ADC6-24082B967C3F} = {98D6B51B-CB0A-4389-ADC6-24082B967C3F}
	EndProjectSection
EndProject
Project("{8BC9CEB8-8B4A-11D0-8D11-00A0C91BC942}") = "nclgl", "..\nclgl\nclgl.vcxproj", "{98D6B51B-CB0A-4389-ADC6-24082B967C3F}"
EndProject
Project("{8BC9CEB8-8B4A-11D0-8D11-00A0C91BC942}") = "game", "..\game\Game.vcxproj", "{E265BD14-BD34-4ACD-9626-0DE50D82EBF1}"
	ProjectSection(ProjectDependencies) = postProject
		{98D6B51B-CB0A-4389-ADC6-24082B967C3F} = {98D6B51B-CB0A-4389-ADC6-24082B967C3F}
		{916E712E-973B-4DE8-8D54-63C060BB9296} = {916E712E-973B-4DE8-8D54-63C060BB9296}
		{8A3AC334-FA56-4ECF-8032-3EE830CE28F5} = {8A3AC334-FA56-4ECF-8032-3EE830CE28F5}
		{E758504F-A670-44EE-9664-51DCF9B5FC09} = {E758504F-A670-44EE-9664-51DCF9B5FC09}
		{D3C3D865-716E-47AA-9304-113A2F61465D} = {D3C3D865-716E-47AA-9304-113A2F61465D}
		{FCE54C78-D1C9-4D09-ADC5-930A6B84757B} = {FCE54C78-D1C9-4D09-ADC5-930A6B84757B}
		{075D12BE-23E3-4B35-89A8-B4DE5B2A8BE4} = {075D12BE-23E3-4B35-89A8-B4DE5B2A8BE4}
	EndProjectSection
EndProject
Project("{8BC9CEB8-8B4A-11D0-8D11-00A0C91BC942}") = "audio", "..\audio\audio.vcxproj", "{E758504F-A670-44EE-9664-51DCF9B5FC09}"
	ProjectSection(ProjectDependencies) = postProject
		{98D6B51B-CB0A-4389-ADC6-24082B967C3F} = {98D6B51B-CB0A-4389-ADC6-24082B967C3F}
		{916E712E-973B-4DE8-8D54-63C060BB9296} = {916E712E-973B-4DE8-8D54-63C060BB9296}
	EndProjectSection
EndProject
Project("{8BC9CEB8-8B4A-11D0-8D11-00A0C91BC942}") = "physics", "..\physics\physics.vcxproj", "{FCE54C78-D1C9-4D09-ADC5-930A6B84757B}"
	ProjectSection(ProjectDependencies) = postProject
		{98D6B51B-CB0A-4389-ADC6-24082B967C3F} = {98D6B51B-CB0A-4389-ADC6-24082B967C3F}
		{916E712E-973B-4DE8-8D54-63C060BB9296} = {916E712E-973B-4DE8-8D54-63C060BB9296}
	EndProjectSection
EndProject
Project("{8BC9CEB8-8B4A-11D0-8D11-00A0C91BC942}") = "input", "..\input\input.vcxproj", "{8A3AC334-FA56-4ECF-8032-3EE830CE28F5}"
	ProjectSection(ProjectDependencies) = postProject
		{98D6B51B-CB0A-4389-ADC6-24082B967C3F} = {98D6B51B-CB0A-4389-ADC6-24082B967C3F}
		{916E712E-973B-4DE8-8D54-63C060BB9296} = {916E712E-973B-4DE8-8D54-63C060BB9296}
	EndProjectSection
EndProject
Project("{8BC9CEB8-8B4A-11D0-8D11-00A0C91BC942}") = "memory", "..\memory\memory.vcxproj", "{075D12BE-23E3-4B35-89A8-B4DE5B2A8BE4}"
	ProjectSection(ProjectDependencies) = postProject
		{98D6B51B-CB0A-4389-ADC6-24082B967C3F} = {98D6B51B-CB0A-4389-ADC6-24082B967C3F}
		{916E712E-973B-4DE8-8D54-63C060BB9296} = {916E712E-973B-4DE8-8D54-63C060BB9296}
	EndProjectSection
EndProject
Project("{8BC9CEB8-8B4A-11D0-8D11-00A0C91BC942}") = "interface", "..\interface\interface.vcxproj", "{D3C3D865-716E-47AA-9304-113A2F61465D}"
	ProjectSection(ProjectDependencies) = postProject
		{98D6B51B-CB0A-4389-ADC6-24082B967C3F} = {98D6B51B-CB0A-4389-ADC6-24082B967C3F}
		{916E712E-973B-4DE8-8D54-63C060BB9296} = {916E712E-973B-4DE8-8D54-63C060BB9296}
	EndProjectSection
EndProject
Project("{8BC9CEB8-8B4A-11D0-8D11-00A0C91BC942}") = "engine-base", "engine-base\engine-base.vcxproj", "{871E0822-9A5E-4D85-AA4B-9252D5997DA4}"
EndProject
Global
	GlobalSection(SolutionConfigurationPlatforms) = preSolution
		Debug|Win32 = Debug|Win32
		Debug|x64 = Debug|x64
		Release|Win32 = Release|Win32
		Release|x64 = Release|x64
	EndGlobalSection
	GlobalSection(ProjectConfigurationPlatforms) = postSolution
		{916E712E-973B-4DE8-8D54-63C060BB9296}.Debug|Win32.ActiveCfg = Debug|Win32
		{916E712E-973B-4DE8-8D54-63C060BB9296}.Debug|Win32.Build.0 = Debug|Win32
		{916E712E-973B-4DE8-8D54-63C060BB9296}.Debug|x64.ActiveCfg = Debug|Win32
		{916E712E-973B-4DE8-8D54-63C060BB9296}.Release|Win32.ActiveCfg = Release|Win32
		{916E712E-973B-4DE8-8D54-63C060BB9296}.Release|Win32.Build.0 = Release|Win32
		{916E712E-973B-4DE8-8D54-63C060BB9296}.Release|x64.ActiveCfg = Release|Win32
		{98D6B51B-CB0A-4389-ADC6-24082B967C3F}.Debug|Win32.ActiveCfg = Debug|Win32
		{98D6B51B-CB0A-4389-ADC6-24082B967C3F}.Debug|Win32.Build.0 = Debug|Win32
		{98D6B51B-CB0A-4389-ADC6-24082B967C3F}.Debug|x64.ActiveCfg = Debug|Win32
		{98D6B51B-CB0A-4389-ADC6-24082B967C3F}.Release|Win32.ActiveCfg = Release|Win32
		{98D6B51B-CB0A-4389-ADC6-24082B967C3F}.Release|Win32.Build.0 = Release|Win32
		{98D6B51B-CB0A-4389-ADC6-24082B967C3F}.Release|x64.ActiveCfg = Release|Win32
		{E265BD14-BD34-4ACD-9626-0DE50D82EBF1}.Debug|Win32.ActiveCfg = Debug|Win32
		{E265BD14-BD34-4ACD-9626-0DE50D82EBF1}.Debug|Win32.Build.0 = Debug|Win32
		{E265BD14-BD34-4ACD-9626-0DE50D82EBF1}.Debug|x64.ActiveCfg = Debug|x64
		{E265BD14-BD34-4ACD-9626-0DE50D82EBF1}.Debug|x64.Build.0 = Debug|x64
		{E265BD14-BD34-4ACD-9626-0DE50D82EBF1}.Release|Win32.ActiveCfg = Release|Win32
		{E265BD14-BD34-4ACD-9626-0DE50D82EBF1}.Release|Win32.Build.0 = Release|Win32
		{E265BD14-BD34-4ACD-9626-0DE50D82EBF1}.Release|x64.ActiveCfg = Release|x64
		{E265BD14-BD34-4ACD-9626-0DE50D82EBF1}.Release|x64.Build.0 = Release|x64
		{E758504F-A670-44EE-9664-51DCF9B5FC09}.Debug|Win32.ActiveCfg = Debug|Win32
		{E758504F-A670-44EE-9664-51DCF9B5FC09}.Debug|Win32.Build.0 = Debug|Win32
		{E758504F-A670-44EE-9664-51DCF9B5FC09}.Debug|x64.ActiveCfg = Debug|x64
		{E758504F-A670-44EE-9664-51DCF9B5FC09}.Debug|x64.Build.0 = Debug|x64
		{E758504F-A670-44EE-9664-51DCF9B5FC09}.Release|Win32.ActiveCfg = Release|Win32
		{E758504F-A670-44EE-9664-51DCF9B5FC09}.Release|Win32.Build.0 = Release|Win32
		{E758504F-A670-44EE-9664-51DCF9B5FC09}.Release|x64.ActiveCfg = Release|x64
		{E758504F-A670-44EE-9664-51DCF9B5FC09}.Release|x64.Build.0 = Release|x64
		{FCE54C78-D1C9-4D09-ADC5-930A6B84757B}.Debug|Win32.ActiveCfg = Debug|Win32
		{FCE54C78-D1C9-4D09-ADC5-930A6B84757B}.Debug|Win32.Build.0 = Debug|Win32
		{FCE54C78-D1C9-4D09-ADC5-930A6B84757B}.Debug|x64.ActiveCfg = Debug|x64
		{FCE54C78-D1C9-4D09-ADC5-930A6B84757B}.Debug|x64.Build.0 = Debug|x64
		{FCE54C78-D1C9-4D09-ADC5-930A6B84757B}.Release|Win32.ActiveCfg = Release|Win32
		{FCE54C78-D1C9-4D09-ADC5-930A6B84757B}.Release|Win32.Build.0 = Release|Win32
		{FCE54C78-D1C9-4D09-ADC5-930A6B84757B}.Release|x64.ActiveCfg = Release|x64
		{FCE54C78-D1C9-4D09-ADC5-930A6B84757B}.Release|x64.Build.0 = Release|x64
		{8A3AC334-FA56-4ECF-8032-3EE830CE28F5}.Debug|Win32.ActiveCfg = Debug|Win32
		{8A3AC334-FA56-4ECF-8032-3EE830CE28F5}.Debug|Win32.Build.0 = Debug|Win32
		{8A3AC334-FA56-4ECF-8032-3EE830CE28F5}.Debug|x64.ActiveCfg = Debug|Win32
		{8A3AC334-FA56-4ECF-8032-3EE830CE28F5}.Release|Win32.ActiveCfg = Release|Win32
		{8A3AC334-FA56-4ECF-8032-3EE830CE28F5}.Release|Win32.Build.0 = Release|Win32
		{8A3AC334-FA56-4ECF-8032-3EE830CE28F5}.Release|x64.ActiveCfg = Release|Win32
		{075D12BE-23E3-4B35-89A8-B4DE5B2A8BE4}.Debug|Win32.ActiveCfg = Debug|Win32
		{075D12BE-23E3-4B35-89A8-B4DE5B2A8BE4}.Debug|Win32.Build.0 = Debug|Win32
		{075D12BE-23E3-4B35-89A8-B4DE5B2A8BE4}.Debug|x64.ActiveCfg = Debug|Win32
		{075D12BE-23E3-4B35-89A8-B4DE5B2A8BE4}.Release|Win32.ActiveCfg = Release|Win32
		{075D12BE-23E3-4B35-89A8-B4DE5B2A8BE4}.Release|Win32.Build.0 = Release|Win32
		{075D12BE-23E3-4B35-89A8-B4DE5B2A8BE4}.Release|x64.ActiveCfg = Release|Win32
		{D3C3D865-716E-47AA-9304-113A2F61465D}.Debug|Win32.ActiveCfg = Debug|Win32
		{D3C3D865-716E-47AA-9304-113A2F61465D}.Debug|Win32.Build.0 = Debug|Win32
		{D3C3D865-716E-47AA-9304-113A2F61465D}.Debug|x64.ActiveCfg = Debug|Win32
		{D3C3D865-716E-47AA-9304-113A2F61465D}.Release|Win32.ActiveCfg = Release|Win32
		{D3C3D865-716E-47AA-9304-113A2F61465D}.Release|Win32.Build.0 = Release|Win32
		{D3C3D865-716E-47AA-9304-113A2F61465D}.Release|x64.ActiveCfg = Release|Win32
		{871E0822-9A5E-4D85-AA4B-9252D5997DA4}.Debug|Win32.ActiveCfg = Debug|Win32
		{871E0822-9A5E-4D85-AA4B-9252D5997DA4}.Debug|Win32.Build.0 = Debug|Win32
		{871E0822-9A5E-4D85-AA4B-9252D5997DA4}.Debug|x64.ActiveCfg = Debug|Win32
		{871E0822-9A5E-4D85-AA4B-9252D5997DA4}.Release|Win32.ActiveCfg = Release|Win32
		{871E0822-9A5E-4D85-AA4B-9252D5997DA4}.Release|Win32.Build.0 = Release|Win32
		{871E0822-9A5E-4D85-AA4B-9252D5997DA4}.Release|x64.ActiveCfg = Release|Win32
	EndGlobalSection
	GlobalSection(SolutionProperties) = preSolution
		HideSolutionNode = FALSE
	EndGlobalSection
EndGlobal
